
Microsoft Visual Studio Solution File, Format Version 12.00
Project("{FAE04EC0-301F-11D3-BF4B-00C04F79EFBC}") = "TestManagement.CQS", "TestManagement.CQS\TestManagement.CQS.csproj", "{78F7E5B5-5FEE-4B34-B18D-87497AC3BEC6}"
EndProject
Project("{FAE04EC0-301F-11D3-BF4B-00C04F79EFBC}") = "TestManagement.Infrastructure", "TestManagement.Infrastructure\TestManagement.Infrastructure.csproj", "{724B7DAD-2127-4DAC-9499-C22739476399}"
EndProject
Project("{FAE04EC0-301F-11D3-BF4B-00C04F79EFBC}") = "TestManagement", "TestManagement\TestManagement.csproj", "{B7109309-BE4C-4FC5-9F5C-250D5B3716A8}"
EndProject
Project("{2150E333-8FDC-42A3-9474-1A3956D46DE8}") = "Solution Items", "Solution Items", "{BC988F40-136B-40F8-A3FC-CA354A18BD51}"
EndProject
Global
	GlobalSection(SolutionConfigurationPlatforms) = preSolution
		Debug|Any CPU = Debug|Any CPU
		Release|Any CPU = Release|Any CPU
	EndGlobalSection
	GlobalSection(ProjectConfigurationPlatforms) = postSolution
		{78F7E5B5-5FEE-4B34-B18D-87497AC3BEC6}.Debug|Any CPU.ActiveCfg = Debug|Any CPU
		{78F7E5B5-5FEE-4B34-B18D-87497AC3BEC6}.Debug|Any CPU.Build.0 = Debug|Any CPU
		{78F7E5B5-5FEE-4B34-B18D-87497AC3BEC6}.Release|Any CPU.ActiveCfg = Release|Any CPU
		{78F7E5B5-5FEE-4B34-B18D-87497AC3BEC6}.Release|Any CPU.Build.0 = Release|Any CPU
		{724B7DAD-2127-4DAC-9499-C22739476399}.Debug|Any CPU.ActiveCfg = Debug|Any CPU
		{724B7DAD-2127-4DAC-9499-C22739476399}.Debug|Any CPU.Build.0 = Debug|Any CPU
		{724B7DAD-2127-4DAC-9499-C22739476399}.Release|Any CPU.ActiveCfg = Release|Any CPU
		{724B7DAD-2127-4DAC-9499-C22739476399}.Release|Any CPU.Build.0 = Release|Any CPU
		{B7109309-BE4C-4FC5-9F5C-250D5B3716A8}.Debug|Any CPU.ActiveCfg = Debug|Any CPU
		{B7109309-BE4C-4FC5-9F5C-250D5B3716A8}.Debug|Any CPU.Build.0 = Debug|Any CPU
		{B7109309-BE4C-4FC5-9F5C-250D5B3716A8}.Release|Any CPU.ActiveCfg = Release|Any CPU
		{B7109309-BE4C-4FC5-9F5C-250D5B3716A8}.Release|Any CPU.Build.0 = Release|Any CPU
	EndGlobalSection
EndGlobal
