
Microsoft Visual Studio Solution File, Format Version 12.00
Project("{FAE04EC0-301F-11D3-BF4B-00C04F79EFBC}") = "StudyProgramManagement.Domain", "StudyProgramManagement.Domain\StudyProgramManagement.Domain.csproj", "{3F1D007C-7EE8-4CD9-AB97-A9AD7CE10348}"
EndProject
Project("{FAE04EC0-301F-11D3-BF4B-00C04F79EFBC}") = "StudyProgramManagement.Infrastructure", "StudyProgramManagement.Infrastructure\StudyProgramManagement.Infrastructure.csproj", "{838708A3-3619-456F-A802-4327DAC9A0DF}"
EndProject
Project("{FAE04EC0-301F-11D3-BF4B-00C04F79EFBC}") = "StudyProgramManagement.API", "StudyProgramManagement.API\StudyProgramManagement.API.csproj", "{0F4508A6-15DD-47A2-A97D-2943C6A3EA9D}"
EndProject
Project("{FAE04EC0-301F-11D3-BF4B-00C04F79EFBC}") = "StudyProgramManagement.Commands", "StudyProgramManagement.Commands\StudyProgramManagement.Commands.csproj", "{5D3E31DD-5035-4405-A50F-B14D1B12023B}"
EndProject
Global
	GlobalSection(SolutionConfigurationPlatforms) = preSolution
		Debug|Any CPU = Debug|Any CPU
		Release|Any CPU = Release|Any CPU
	EndGlobalSection
	GlobalSection(ProjectConfigurationPlatforms) = postSolution
		{3F1D007C-7EE8-4CD9-AB97-A9AD7CE10348}.Debug|Any CPU.ActiveCfg = Debug|Any CPU
		{3F1D007C-7EE8-4CD9-AB97-A9AD7CE10348}.Debug|Any CPU.Build.0 = Debug|Any CPU
		{3F1D007C-7EE8-4CD9-AB97-A9AD7CE10348}.Release|Any CPU.ActiveCfg = Release|Any CPU
		{3F1D007C-7EE8-4CD9-AB97-A9AD7CE10348}.Release|Any CPU.Build.0 = Release|Any CPU
		{838708A3-3619-456F-A802-4327DAC9A0DF}.Debug|Any CPU.ActiveCfg = Debug|Any CPU
		{838708A3-3619-456F-A802-4327DAC9A0DF}.Debug|Any CPU.Build.0 = Debug|Any CPU
		{838708A3-3619-456F-A802-4327DAC9A0DF}.Release|Any CPU.ActiveCfg = Release|Any CPU
		{838708A3-3619-456F-A802-4327DAC9A0DF}.Release|Any CPU.Build.0 = Release|Any CPU
		{0F4508A6-15DD-47A2-A97D-2943C6A3EA9D}.Debug|Any CPU.ActiveCfg = Debug|Any CPU
		{0F4508A6-15DD-47A2-A97D-2943C6A3EA9D}.Debug|Any CPU.Build.0 = Debug|Any CPU
		{0F4508A6-15DD-47A2-A97D-2943C6A3EA9D}.Release|Any CPU.ActiveCfg = Release|Any CPU
		{0F4508A6-15DD-47A2-A97D-2943C6A3EA9D}.Release|Any CPU.Build.0 = Release|Any CPU
		{5D3E31DD-5035-4405-A50F-B14D1B12023B}.Debug|Any CPU.ActiveCfg = Debug|Any CPU
		{5D3E31DD-5035-4405-A50F-B14D1B12023B}.Debug|Any CPU.Build.0 = Debug|Any CPU
		{5D3E31DD-5035-4405-A50F-B14D1B12023B}.Release|Any CPU.ActiveCfg = Release|Any CPU
		{5D3E31DD-5035-4405-A50F-B14D1B12023B}.Release|Any CPU.Build.0 = Release|Any CPU
	EndGlobalSection
EndGlobal
