
Microsoft Visual Studio Solution File, Format Version 12.00
Project("{FAE04EC0-301F-11D3-BF4B-00C04F79EFBC}") = "StudyProgramManagement", "StudyProgramManagement\StudyProgramManagement.csproj", "{D6E25B99-0C71-4DEB-9B78-D92AD7017A26}"
EndProject
Project("{FAE04EC0-301F-11D3-BF4B-00C04F79EFBC}") = "StudyProgramManagement.Domain", "StudyProgramManagement.Domain\StudyProgramManagement.Domain.csproj", "{A168A73A-859E-40E3-8B66-9871DF6B1950}"
EndProject
Project("{FAE04EC0-301F-11D3-BF4B-00C04F79EFBC}") = "StudyProgramManagement.Infrastructure", "StudyProgramManagement.Infrastructure\StudyProgramManagement.Infrastructure.csproj", "{48713569-F679-4A27-876D-F8CA1E6AB4F4}"
EndProject
Project("{FAE04EC0-301F-11D3-BF4B-00C04F79EFBC}") = "StudyProgramManagement.Write", "StudyProgramManagement.Write\StudyProgramManagement.Write.csproj", "{A9499058-5584-42F0-8143-0463464BFE8C}"
EndProject
Project("{FAE04EC0-301F-11D3-BF4B-00C04F79EFBC}") = "StudyProgramManagement.Commands", "StudyProgramManagement.Commands\StudyProgramManagement.Commands.csproj", "{D8F89B4F-48AC-4DBD-BC40-96914ED50AB8}"
EndProject
Project("{FAE04EC0-301F-11D3-BF4B-00C04F79EFBC}") = "StudyProgramManagement.Read", "StudyProgramManagement.Read\StudyProgramManagement.Read.csproj", "{46B97AE0-5677-4D84-B2B6-86065981EB4B}"
EndProject
Project("{FAE04EC0-301F-11D3-BF4B-00C04F79EFBC}") = "StudyProgramManagement.Query", "StudyProgramManagement.Query\StudyProgramManagement.Query.csproj", "{8FBADBDF-CA29-435D-8D04-91CD4494338B}"
EndProject
Global
	GlobalSection(SolutionConfigurationPlatforms) = preSolution
		Debug|Any CPU = Debug|Any CPU
		Release|Any CPU = Release|Any CPU
	EndGlobalSection
	GlobalSection(ProjectConfigurationPlatforms) = postSolution
		{D6E25B99-0C71-4DEB-9B78-D92AD7017A26}.Debug|Any CPU.ActiveCfg = Debug|Any CPU
		{D6E25B99-0C71-4DEB-9B78-D92AD7017A26}.Debug|Any CPU.Build.0 = Debug|Any CPU
		{D6E25B99-0C71-4DEB-9B78-D92AD7017A26}.Release|Any CPU.ActiveCfg = Release|Any CPU
		{D6E25B99-0C71-4DEB-9B78-D92AD7017A26}.Release|Any CPU.Build.0 = Release|Any CPU
		{A168A73A-859E-40E3-8B66-9871DF6B1950}.Debug|Any CPU.ActiveCfg = Debug|Any CPU
		{A168A73A-859E-40E3-8B66-9871DF6B1950}.Debug|Any CPU.Build.0 = Debug|Any CPU
		{A168A73A-859E-40E3-8B66-9871DF6B1950}.Release|Any CPU.ActiveCfg = Release|Any CPU
		{A168A73A-859E-40E3-8B66-9871DF6B1950}.Release|Any CPU.Build.0 = Release|Any CPU
		{48713569-F679-4A27-876D-F8CA1E6AB4F4}.Debug|Any CPU.ActiveCfg = Debug|Any CPU
		{48713569-F679-4A27-876D-F8CA1E6AB4F4}.Debug|Any CPU.Build.0 = Debug|Any CPU
		{48713569-F679-4A27-876D-F8CA1E6AB4F4}.Release|Any CPU.ActiveCfg = Release|Any CPU
		{48713569-F679-4A27-876D-F8CA1E6AB4F4}.Release|Any CPU.Build.0 = Release|Any CPU
		{A9499058-5584-42F0-8143-0463464BFE8C}.Debug|Any CPU.ActiveCfg = Debug|Any CPU
		{A9499058-5584-42F0-8143-0463464BFE8C}.Debug|Any CPU.Build.0 = Debug|Any CPU
		{A9499058-5584-42F0-8143-0463464BFE8C}.Release|Any CPU.ActiveCfg = Release|Any CPU
		{A9499058-5584-42F0-8143-0463464BFE8C}.Release|Any CPU.Build.0 = Release|Any CPU
		{D8F89B4F-48AC-4DBD-BC40-96914ED50AB8}.Debug|Any CPU.ActiveCfg = Debug|Any CPU
		{D8F89B4F-48AC-4DBD-BC40-96914ED50AB8}.Debug|Any CPU.Build.0 = Debug|Any CPU
		{D8F89B4F-48AC-4DBD-BC40-96914ED50AB8}.Release|Any CPU.ActiveCfg = Release|Any CPU
		{D8F89B4F-48AC-4DBD-BC40-96914ED50AB8}.Release|Any CPU.Build.0 = Release|Any CPU
		{46B97AE0-5677-4D84-B2B6-86065981EB4B}.Debug|Any CPU.ActiveCfg = Debug|Any CPU
		{46B97AE0-5677-4D84-B2B6-86065981EB4B}.Debug|Any CPU.Build.0 = Debug|Any CPU
		{46B97AE0-5677-4D84-B2B6-86065981EB4B}.Release|Any CPU.ActiveCfg = Release|Any CPU
		{46B97AE0-5677-4D84-B2B6-86065981EB4B}.Release|Any CPU.Build.0 = Release|Any CPU
		{8FBADBDF-CA29-435D-8D04-91CD4494338B}.Debug|Any CPU.ActiveCfg = Debug|Any CPU
		{8FBADBDF-CA29-435D-8D04-91CD4494338B}.Debug|Any CPU.Build.0 = Debug|Any CPU
		{8FBADBDF-CA29-435D-8D04-91CD4494338B}.Release|Any CPU.ActiveCfg = Release|Any CPU
		{8FBADBDF-CA29-435D-8D04-91CD4494338B}.Release|Any CPU.Build.0 = Release|Any CPU
	EndGlobalSection
EndGlobal
